
Microsoft Visual Studio Solution File, Format Version 12.00
# Visual Studio Version 16
VisualStudioVersion = 16.0.30413.136
MinimumVisualStudioVersion = 10.0.40219.1
Project("{FAE04EC0-301F-11D3-BF4B-00C04F79EFBC}") = "ASP", "ASP.csproj", "{4C9D5396-BB8E-4B2A-9C2C-D623E085E984}"
EndProject
Global
	GlobalSection(SolutionConfigurationPlatforms) = preSolution
		Debug|Any CPU = Debug|Any CPU
		Release|Any CPU = Release|Any CPU
	EndGlobalSection
	GlobalSection(ProjectConfigurationPlatforms) = postSolution
		{4C9D5396-BB8E-4B2A-9C2C-D623E085E984}.Debug|Any CPU.ActiveCfg = Debug|Any CPU
		{4C9D5396-BB8E-4B2A-9C2C-D623E085E984}.Debug|Any CPU.Build.0 = Debug|Any CPU
		{4C9D5396-BB8E-4B2A-9C2C-D623E085E984}.Release|Any CPU.ActiveCfg = Release|Any CPU
		{4C9D5396-BB8E-4B2A-9C2C-D623E085E984}.Release|Any CPU.Build.0 = Release|Any CPU
	EndGlobalSection
	GlobalSection(SolutionProperties) = preSolution
		HideSolutionNode = FALSE
	EndGlobalSection
	GlobalSection(ExtensibilityGlobals) = postSolution
		SolutionGuid = {8788BF6E-2D85-4582-9ED0-7A9B4DDB9F39}
	EndGlobalSection
EndGlobal
